
Microsoft Visual Studio Solution File, Format Version 12.00
# Visual Studio 15
VisualStudioVersion = 15.0.26430.16
MinimumVisualStudioVersion = 10.0.40219.1
Project("{FAE04EC0-301F-11D3-BF4B-00C04F79EFBC}") = "RoyAndProfilePicture", "RoyAndProfilePicture\RoyAndProfilePicture.csproj", "{DF7A270E-3132-4B9A-BFDF-3ECCDFA96D40}"
EndProject
Project("{2150E333-8FDC-42A3-9474-1A3956D46DE8}") = "Solution Items", "Solution Items", "{9344F2AC-9A38-42DF-9EEA-4D048AA31DF4}"
	ProjectSection(SolutionItems) = preProject
		README.md = README.md
	EndProjectSection
EndProject
Global
	GlobalSection(SolutionConfigurationPlatforms) = preSolution
		Debug|Any CPU = Debug|Any CPU
		Release|Any CPU = Release|Any CPU
	EndGlobalSection
	GlobalSection(ProjectConfigurationPlatforms) = postSolution
		{DF7A270E-3132-4B9A-BFDF-3ECCDFA96D40}.Debug|Any CPU.ActiveCfg = Debug|Any CPU
		{DF7A270E-3132-4B9A-BFDF-3ECCDFA96D40}.Debug|Any CPU.Build.0 = Debug|Any CPU
		{DF7A270E-3132-4B9A-BFDF-3ECCDFA96D40}.Release|Any CPU.ActiveCfg = Release|Any CPU
		{DF7A270E-3132-4B9A-BFDF-3ECCDFA96D40}.Release|Any CPU.Build.0 = Release|Any CPU
	EndGlobalSection
	GlobalSection(SolutionProperties) = preSolution
		HideSolutionNode = FALSE
	EndGlobalSection
EndGlobal
